
Microsoft Visual Studio Solution File, Format Version 12.00
# Visual Studio Version 16
VisualStudioVersion = 25.0.1704.2
MinimumVisualStudioVersion = 10.0.40219.1
Project("{FAE04EC0-301F-11D3-BF4B-00C04F79EFBC}") = "StrukturniObrasci", "StrukturniObrasci\StrukturniObrasci.csproj", "{F7BEA8E1-75D2-488C-A959-2F4BF3E17B43}"
EndProject
Global
	GlobalSection(SolutionConfigurationPlatforms) = preSolution
		Debug|Any CPU = Debug|Any CPU
		Release|Any CPU = Release|Any CPU
	EndGlobalSection
	GlobalSection(ProjectConfigurationPlatforms) = postSolution
		{F7BEA8E1-75D2-488C-A959-2F4BF3E17B43}.Debug|Any CPU.ActiveCfg = Debug|Any CPU
		{F7BEA8E1-75D2-488C-A959-2F4BF3E17B43}.Debug|Any CPU.Build.0 = Debug|Any CPU
		{F7BEA8E1-75D2-488C-A959-2F4BF3E17B43}.Release|Any CPU.ActiveCfg = Release|Any CPU
		{F7BEA8E1-75D2-488C-A959-2F4BF3E17B43}.Release|Any CPU.Build.0 = Release|Any CPU
	EndGlobalSection
	GlobalSection(SolutionProperties) = preSolution
		HideSolutionNode = FALSE
	EndGlobalSection
	GlobalSection(ExtensibilityGlobals) = postSolution
		SolutionGuid = {F6FF369C-383E-47B7-932F-979A5C45150E}
	EndGlobalSection
EndGlobal
